
Microsoft Visual Studio Solution File, Format Version 12.00
# Visual Studio 14
VisualStudioVersion = 14.0.25420.1
MinimumVisualStudioVersion = 10.0.40219.1
Project("{FAE04EC0-301F-11D3-BF4B-00C04F79EFBC}") = "HubManPractices.Model", "HubManPractices.Model\HubManPractices.Model.csproj", "{45F339C1-699D-419D-B243-F6336D6B0D9B}"
EndProject
Project("{FAE04EC0-301F-11D3-BF4B-00C04F79EFBC}") = "HubManPractices.Repository", "HubManPractices.Repository\HubManPractices.Repository.csproj", "{AEAA2FD9-E0EF-47A6-BF5C-A23438BE03EA}"
EndProject
Project("{FAE04EC0-301F-11D3-BF4B-00C04F79EFBC}") = "WebApp", "Web\WebApp.csproj", "{648C8104-11A2-481B-8AF3-C8B27F67E081}"
EndProject
Project("{FAE04EC0-301F-11D3-BF4B-00C04F79EFBC}") = "HubManPractices.Service", "HubManPractices.Service\HubManPractices.Service.csproj", "{C61D5FFB-5DD7-408D-9D67-1487BA83AE11}"
EndProject
Project("{FAE04EC0-301F-11D3-BF4B-00C04F79EFBC}") = "Util", "Util\Util.csproj", "{7C99EA78-B832-4734-9335-8C94786856AF}"
EndProject
Global
	GlobalSection(SolutionConfigurationPlatforms) = preSolution
		Debug|Any CPU = Debug|Any CPU
		Release|Any CPU = Release|Any CPU
	EndGlobalSection
	GlobalSection(ProjectConfigurationPlatforms) = postSolution
		{45F339C1-699D-419D-B243-F6336D6B0D9B}.Debug|Any CPU.ActiveCfg = Debug|Any CPU
		{45F339C1-699D-419D-B243-F6336D6B0D9B}.Debug|Any CPU.Build.0 = Debug|Any CPU
		{45F339C1-699D-419D-B243-F6336D6B0D9B}.Release|Any CPU.ActiveCfg = Release|Any CPU
		{45F339C1-699D-419D-B243-F6336D6B0D9B}.Release|Any CPU.Build.0 = Release|Any CPU
		{AEAA2FD9-E0EF-47A6-BF5C-A23438BE03EA}.Debug|Any CPU.ActiveCfg = Debug|Any CPU
		{AEAA2FD9-E0EF-47A6-BF5C-A23438BE03EA}.Debug|Any CPU.Build.0 = Debug|Any CPU
		{AEAA2FD9-E0EF-47A6-BF5C-A23438BE03EA}.Release|Any CPU.ActiveCfg = Release|Any CPU
		{AEAA2FD9-E0EF-47A6-BF5C-A23438BE03EA}.Release|Any CPU.Build.0 = Release|Any CPU
		{648C8104-11A2-481B-8AF3-C8B27F67E081}.Debug|Any CPU.ActiveCfg = Debug|Any CPU
		{648C8104-11A2-481B-8AF3-C8B27F67E081}.Debug|Any CPU.Build.0 = Debug|Any CPU
		{648C8104-11A2-481B-8AF3-C8B27F67E081}.Release|Any CPU.ActiveCfg = Release|Any CPU
		{648C8104-11A2-481B-8AF3-C8B27F67E081}.Release|Any CPU.Build.0 = Release|Any CPU
		{C61D5FFB-5DD7-408D-9D67-1487BA83AE11}.Debug|Any CPU.ActiveCfg = Debug|Any CPU
		{C61D5FFB-5DD7-408D-9D67-1487BA83AE11}.Debug|Any CPU.Build.0 = Debug|Any CPU
		{C61D5FFB-5DD7-408D-9D67-1487BA83AE11}.Release|Any CPU.ActiveCfg = Release|Any CPU
		{C61D5FFB-5DD7-408D-9D67-1487BA83AE11}.Release|Any CPU.Build.0 = Release|Any CPU
		{7C99EA78-B832-4734-9335-8C94786856AF}.Debug|Any CPU.ActiveCfg = Debug|Any CPU
		{7C99EA78-B832-4734-9335-8C94786856AF}.Debug|Any CPU.Build.0 = Debug|Any CPU
		{7C99EA78-B832-4734-9335-8C94786856AF}.Release|Any CPU.ActiveCfg = Release|Any CPU
		{7C99EA78-B832-4734-9335-8C94786856AF}.Release|Any CPU.Build.0 = Release|Any CPU
	EndGlobalSection
	GlobalSection(SolutionProperties) = preSolution
		HideSolutionNode = FALSE
	EndGlobalSection
EndGlobal
